
Microsoft Visual Studio Solution File, Format Version 12.00
# Visual Studio Version 17
VisualStudioVersion = 17.9.34607.119
MinimumVisualStudioVersion = 10.0.40219.1
Project("{FAE04EC0-301F-11D3-BF4B-00C04F79EFBC}") = "cartmngr-api", "cartmngr-api.csproj", "{262AB94C-655C-45AB-A1E4-36606B716BA6}"
EndProject
Global
	GlobalSection(SolutionConfigurationPlatforms) = preSolution
		Debug|Any CPU = Debug|Any CPU
		Release|Any CPU = Release|Any CPU
	EndGlobalSection
	GlobalSection(ProjectConfigurationPlatforms) = postSolution
		{262AB94C-655C-45AB-A1E4-36606B716BA6}.Debug|Any CPU.ActiveCfg = Debug|Any CPU
		{262AB94C-655C-45AB-A1E4-36606B716BA6}.Debug|Any CPU.Build.0 = Debug|Any CPU
		{262AB94C-655C-45AB-A1E4-36606B716BA6}.Release|Any CPU.ActiveCfg = Release|Any CPU
		{262AB94C-655C-45AB-A1E4-36606B716BA6}.Release|Any CPU.Build.0 = Release|Any CPU
	EndGlobalSection
	GlobalSection(SolutionProperties) = preSolution
		HideSolutionNode = FALSE
	EndGlobalSection
	GlobalSection(ExtensibilityGlobals) = postSolution
		SolutionGuid = {CB820294-8A41-43F1-AD94-405DBE705CC3}
	EndGlobalSection
EndGlobal
